
Microsoft Visual Studio Solution File, Format Version 12.00
# Visual Studio Version 17
VisualStudioVersion = 17.0.32014.148
MinimumVisualStudioVersion = 10.0.40219.1
Project("{FAE04EC0-301F-11D3-BF4B-00C04F79EFBC}") = "KayıtDefteri-Form", "KayıtDefteri-Form\KayıtDefteri-Form.csproj", "{58FB8AAC-2EBF-40B5-BF1B-019B8F106C3C}"
EndProject
Global
	GlobalSection(SolutionConfigurationPlatforms) = preSolution
		Debug|Any CPU = Debug|Any CPU
		Release|Any CPU = Release|Any CPU
	EndGlobalSection
	GlobalSection(ProjectConfigurationPlatforms) = postSolution
		{58FB8AAC-2EBF-40B5-BF1B-019B8F106C3C}.Debug|Any CPU.ActiveCfg = Debug|Any CPU
		{58FB8AAC-2EBF-40B5-BF1B-019B8F106C3C}.Debug|Any CPU.Build.0 = Debug|Any CPU
		{58FB8AAC-2EBF-40B5-BF1B-019B8F106C3C}.Release|Any CPU.ActiveCfg = Release|Any CPU
		{58FB8AAC-2EBF-40B5-BF1B-019B8F106C3C}.Release|Any CPU.Build.0 = Release|Any CPU
	EndGlobalSection
	GlobalSection(SolutionProperties) = preSolution
		HideSolutionNode = FALSE
	EndGlobalSection
	GlobalSection(ExtensibilityGlobals) = postSolution
		SolutionGuid = {D8C665D4-A0C3-40AA-8064-3E47D78347A6}
	EndGlobalSection
EndGlobal
